// !$*UTF8*$!
{
	archiveVersion = 1;
	classes = {
	};
	objectVersion = 56;
	objects = {

/* Begin PBXBuildFile section */
		BA5E21D52AAEB3D400BA194D /* AppDelegate.swift in Sources */ = {isa = PBXBuildFile; fileRef = BA5E21D42AAEB3D400BA194D /* AppDelegate.swift */; };
		BA5E21DE2AAEB3D700BA194D /* Assets.xcassets in Resources */ = {isa = PBXBuildFile; fileRef = BA5E21DD2AAEB3D700BA194D /* Assets.xcassets */; };
		BA5E21E12AAEB3D700BA194D /* LaunchScreen.storyboard in Resources */ = {isa = PBXBuildFile; fileRef = BA5E21DF2AAEB3D700BA194D /* LaunchScreen.storyboard */; };
		BA5E21EB2AAEB40900BA194D /* AddUserViewController.swift in Sources */ = {isa = PBXBuildFile; fileRef = BA5E21E92AAEB40900BA194D /* AddUserViewController.swift */; };
		BA5E21EC2AAEB40900BA194D /* AddUserViewController.xib in Resources */ = {isa = PBXBuildFile; fileRef = BA5E21EA2AAEB40900BA194D /* AddUserViewController.xib */; };
		BA5E21F52AAED11000BA194D /* CreateUserViewController.swift in Sources */ = {isa = PBXBuildFile; fileRef = BA5E21F32AAED11000BA194D /* CreateUserViewController.swift */; };
		BA5E21F62AAED11000BA194D /* CreateUserViewController.xib in Resources */ = {isa = PBXBuildFile; fileRef = BA5E21F42AAED11000BA194D /* CreateUserViewController.xib */; };
		BA5E21FA2AAEF19B00BA194D /* UserCell.swift in Sources */ = {isa = PBXBuildFile; fileRef = BA5E21F82AAEF19A00BA194D /* UserCell.swift */; };
		BA5E21FB2AAEF19B00BA194D /* UserCell.xib in Resources */ = {isa = PBXBuildFile; fileRef = BA5E21F92AAEF19A00BA194D /* UserCell.xib */; };
		BA5E21FD2AAEF58200BA194D /* AddUserViewModel.swift in Sources */ = {isa = PBXBuildFile; fileRef = BA5E21FC2AAEF58200BA194D /* AddUserViewModel.swift */; };
		BA5E21FF2AAEF7CA00BA194D /* CreateUserViewModel.swift in Sources */ = {isa = PBXBuildFile; fileRef = BA5E21FE2AAEF7C900BA194D /* CreateUserViewModel.swift */; };
		BA5E22032AAF047800BA194D /* ChooseAvatarViewController.swift in Sources */ = {isa = PBXBuildFile; fileRef = BA5E22012AAF047800BA194D /* ChooseAvatarViewController.swift */; };
		BA5E22042AAF047800BA194D /* ChooseAvatarViewController.xib in Resources */ = {isa = PBXBuildFile; fileRef = BA5E22022AAF047800BA194D /* ChooseAvatarViewController.xib */; };
		BA5E22062AAF05C400BA194D /* ChooseAvatarViewModel.swift in Sources */ = {isa = PBXBuildFile; fileRef = BA5E22052AAF05C400BA194D /* ChooseAvatarViewModel.swift */; };
		BA5E220E2AAF07D200BA194D /* AvatarCell.swift in Sources */ = {isa = PBXBuildFile; fileRef = BA5E220C2AAF07D200BA194D /* AvatarCell.swift */; };
		BA5E220F2AAF07D200BA194D /* AvatarCell.xib in Resources */ = {isa = PBXBuildFile; fileRef = BA5E220D2AAF07D200BA194D /* AvatarCell.xib */; };
		BA5E22112AAF07F900BA194D /* AvatarCellViewModel.swift in Sources */ = {isa = PBXBuildFile; fileRef = BA5E22102AAF07F900BA194D /* AvatarCellViewModel.swift */; };
		BA5E221B2AAF74F900BA194D /* UserCellViewModel.swift in Sources */ = {isa = PBXBuildFile; fileRef = BA5E221A2AAF74F900BA194D /* UserCellViewModel.swift */; };
/* End PBXBuildFile section */

/* Begin PBXFileReference section */
		BA5E21D12AAEB3D400BA194D /* GameBling.app */ = {isa = PBXFileReference; explicitFileType = wrapper.application; includeInIndex = 0; path = GameBling.app; sourceTree = BUILT_PRODUCTS_DIR; };
		BA5E21D42AAEB3D400BA194D /* AppDelegate.swift */ = {isa = PBXFileReference; lastKnownFileType = sourcecode.swift; path = AppDelegate.swift; sourceTree = "<group>"; };
		BA5E21DD2AAEB3D700BA194D /* Assets.xcassets */ = {isa = PBXFileReference; lastKnownFileType = folder.assetcatalog; path = Assets.xcassets; sourceTree = "<group>"; };
		BA5E21E02AAEB3D700BA194D /* Base */ = {isa = PBXFileReference; lastKnownFileType = file.storyboard; name = Base; path = Base.lproj/LaunchScreen.storyboard; sourceTree = "<group>"; };
		BA5E21E22AAEB3D700BA194D /* Info.plist */ = {isa = PBXFileReference; lastKnownFileType = text.plist.xml; path = Info.plist; sourceTree = "<group>"; };
		BA5E21E92AAEB40900BA194D /* AddUserViewController.swift */ = {isa = PBXFileReference; lastKnownFileType = sourcecode.swift; path = AddUserViewController.swift; sourceTree = "<group>"; };
		BA5E21EA2AAEB40900BA194D /* AddUserViewController.xib */ = {isa = PBXFileReference; lastKnownFileType = file.xib; path = AddUserViewController.xib; sourceTree = "<group>"; };
		BA5E21F32AAED11000BA194D /* CreateUserViewController.swift */ = {isa = PBXFileReference; lastKnownFileType = sourcecode.swift; path = CreateUserViewController.swift; sourceTree = "<group>"; };
		BA5E21F42AAED11000BA194D /* CreateUserViewController.xib */ = {isa = PBXFileReference; lastKnownFileType = file.xib; path = CreateUserViewController.xib; sourceTree = "<group>"; };
		BA5E21F82AAEF19A00BA194D /* UserCell.swift */ = {isa = PBXFileReference; lastKnownFileType = sourcecode.swift; path = UserCell.swift; sourceTree = "<group>"; };
		BA5E21F92AAEF19A00BA194D /* UserCell.xib */ = {isa = PBXFileReference; lastKnownFileType = file.xib; path = UserCell.xib; sourceTree = "<group>"; };
		BA5E21FC2AAEF58200BA194D /* AddUserViewModel.swift */ = {isa = PBXFileReference; lastKnownFileType = sourcecode.swift; path = AddUserViewModel.swift; sourceTree = "<group>"; };
		BA5E21FE2AAEF7C900BA194D /* CreateUserViewModel.swift */ = {isa = PBXFileReference; lastKnownFileType = sourcecode.swift; path = CreateUserViewModel.swift; sourceTree = "<group>"; };
		BA5E22012AAF047800BA194D /* ChooseAvatarViewController.swift */ = {isa = PBXFileReference; lastKnownFileType = sourcecode.swift; path = ChooseAvatarViewController.swift; sourceTree = "<group>"; };
		BA5E22022AAF047800BA194D /* ChooseAvatarViewController.xib */ = {isa = PBXFileReference; lastKnownFileType = file.xib; path = ChooseAvatarViewController.xib; sourceTree = "<group>"; };
		BA5E22052AAF05C400BA194D /* ChooseAvatarViewModel.swift */ = {isa = PBXFileReference; lastKnownFileType = sourcecode.swift; path = ChooseAvatarViewModel.swift; sourceTree = "<group>"; };
		BA5E220C2AAF07D200BA194D /* AvatarCell.swift */ = {isa = PBXFileReference; lastKnownFileType = sourcecode.swift; path = AvatarCell.swift; sourceTree = "<group>"; };
		BA5E220D2AAF07D200BA194D /* AvatarCell.xib */ = {isa = PBXFileReference; lastKnownFileType = file.xib; path = AvatarCell.xib; sourceTree = "<group>"; };
		BA5E22102AAF07F900BA194D /* AvatarCellViewModel.swift */ = {isa = PBXFileReference; lastKnownFileType = sourcecode.swift; path = AvatarCellViewModel.swift; sourceTree = "<group>"; };
		BA5E221A2AAF74F900BA194D /* UserCellViewModel.swift */ = {isa = PBXFileReference; lastKnownFileType = sourcecode.swift; path = UserCellViewModel.swift; sourceTree = "<group>"; };
/* End PBXFileReference section */

/* Begin PBXFrameworksBuildPhase section */
		BA5E21CE2AAEB3D400BA194D /* Frameworks */ = {
			isa = PBXFrameworksBuildPhase;
			buildActionMask = 2147483647;
			files = (
			);
			runOnlyForDeploymentPostprocessing = 0;
		};
/* End PBXFrameworksBuildPhase section */

/* Begin PBXGroup section */
		BA5E21C82AAEB3D400BA194D = {
			isa = PBXGroup;
			children = (
				BA5E21D32AAEB3D400BA194D /* GameBling */,
				BA5E21D22AAEB3D400BA194D /* Products */,
			);
			sourceTree = "<group>";
		};
		BA5E21D22AAEB3D400BA194D /* Products */ = {
			isa = PBXGroup;
			children = (
				BA5E21D12AAEB3D400BA194D /* GameBling.app */,
			);
			name = Products;
			sourceTree = "<group>";
		};
		BA5E21D32AAEB3D400BA194D /* GameBling */ = {
			isa = PBXGroup;
			children = (
				BA5E22002AAF044600BA194D /* ChooseAvatar */,
				BA5E21F22AAED0D900BA194D /* CreateUser */,
				BA5E21E82AAEB3FE00BA194D /* AddUser */,
				BA5E21D42AAEB3D400BA194D /* AppDelegate.swift */,
				BA5E21DD2AAEB3D700BA194D /* Assets.xcassets */,
				BA5E21DF2AAEB3D700BA194D /* LaunchScreen.storyboard */,
				BA5E21E22AAEB3D700BA194D /* Info.plist */,
			);
			path = GameBling;
			sourceTree = "<group>";
		};
		BA5E21E82AAEB3FE00BA194D /* AddUser */ = {
			isa = PBXGroup;
			children = (
				BA5E21F72AAEF17B00BA194D /* UserCell */,
				BA5E21E92AAEB40900BA194D /* AddUserViewController.swift */,
				BA5E21EA2AAEB40900BA194D /* AddUserViewController.xib */,
				BA5E21FC2AAEF58200BA194D /* AddUserViewModel.swift */,
			);
			path = AddUser;
			sourceTree = "<group>";
		};
		BA5E21F22AAED0D900BA194D /* CreateUser */ = {
			isa = PBXGroup;
			children = (
				BA5E21F32AAED11000BA194D /* CreateUserViewController.swift */,
				BA5E21F42AAED11000BA194D /* CreateUserViewController.xib */,
				BA5E21FE2AAEF7C900BA194D /* CreateUserViewModel.swift */,
			);
			path = CreateUser;
			sourceTree = "<group>";
		};
		BA5E21F72AAEF17B00BA194D /* UserCell */ = {
			isa = PBXGroup;
			children = (
				BA5E21F82AAEF19A00BA194D /* UserCell.swift */,
				BA5E21F92AAEF19A00BA194D /* UserCell.xib */,
				BA5E221A2AAF74F900BA194D /* UserCellViewModel.swift */,
			);
			path = UserCell;
			sourceTree = "<group>";
		};
		BA5E22002AAF044600BA194D /* ChooseAvatar */ = {
			isa = PBXGroup;
			children = (
				BA5E220B2AAF073200BA194D /* AvatarCell */,
				BA5E22012AAF047800BA194D /* ChooseAvatarViewController.swift */,
				BA5E22022AAF047800BA194D /* ChooseAvatarViewController.xib */,
				BA5E22052AAF05C400BA194D /* ChooseAvatarViewModel.swift */,
			);
			path = ChooseAvatar;
			sourceTree = "<group>";
		};
		BA5E220B2AAF073200BA194D /* AvatarCell */ = {
			isa = PBXGroup;
			children = (
				BA5E220C2AAF07D200BA194D /* AvatarCell.swift */,
				BA5E220D2AAF07D200BA194D /* AvatarCell.xib */,
				BA5E22102AAF07F900BA194D /* AvatarCellViewModel.swift */,
			);
			path = AvatarCell;
			sourceTree = "<group>";
		};
/* End PBXGroup section */

/* Begin PBXNativeTarget section */
		BA5E21D02AAEB3D400BA194D /* GameBling */ = {
			isa = PBXNativeTarget;
			buildConfigurationList = BA5E21E52AAEB3D700BA194D /* Build configuration list for PBXNativeTarget "GameBling" */;
			buildPhases = (
				BA5E21CD2AAEB3D400BA194D /* Sources */,
				BA5E21CE2AAEB3D400BA194D /* Frameworks */,
				BA5E21CF2AAEB3D400BA194D /* Resources */,
			);
			buildRules = (
			);
			dependencies = (
			);
			name = GameBling;
			productName = GameBling;
			productReference = BA5E21D12AAEB3D400BA194D /* GameBling.app */;
			productType = "com.apple.product-type.application";
		};
/* End PBXNativeTarget section */

/* Begin PBXProject section */
		BA5E21C92AAEB3D400BA194D /* Project object */ = {
			isa = PBXProject;
			attributes = {
				BuildIndependentTargetsInParallel = 1;
				LastSwiftUpdateCheck = 1420;
				LastUpgradeCheck = 1420;
				TargetAttributes = {
					BA5E21D02AAEB3D400BA194D = {
						CreatedOnToolsVersion = 14.2;
					};
				};
			};
			buildConfigurationList = BA5E21CC2AAEB3D400BA194D /* Build configuration list for PBXProject "GameBling" */;
			compatibilityVersion = "Xcode 14.0";
			developmentRegion = en;
			hasScannedForEncodings = 0;
			knownRegions = (
				en,
				Base,
			);
			mainGroup = BA5E21C82AAEB3D400BA194D;
			productRefGroup = BA5E21D22AAEB3D400BA194D /* Products */;
			projectDirPath = "";
			projectRoot = "";
			targets = (
				BA5E21D02AAEB3D400BA194D /* GameBling */,
			);
		};
/* End PBXProject section */

/* Begin PBXResourcesBuildPhase section */
		BA5E21CF2AAEB3D400BA194D /* Resources */ = {
			isa = PBXResourcesBuildPhase;
			buildActionMask = 2147483647;
			files = (
				BA5E220F2AAF07D200BA194D /* AvatarCell.xib in Resources */,
				BA5E21E12AAEB3D700BA194D /* LaunchScreen.storyboard in Resources */,
				BA5E21DE2AAEB3D700BA194D /* Assets.xcassets in Resources */,
				BA5E21EC2AAEB40900BA194D /* AddUserViewController.xib in Resources */,
				BA5E22042AAF047800BA194D /* ChooseAvatarViewController.xib in Resources */,
				BA5E21F62AAED11000BA194D /* CreateUserViewController.xib in Resources */,
				BA5E21FB2AAEF19B00BA194D /* UserCell.xib in Resources */,
			);
			runOnlyForDeploymentPostprocessing = 0;
		};
/* End PBXResourcesBuildPhase section */

/* Begin PBXSourcesBuildPhase section */
		BA5E21CD2AAEB3D400BA194D /* Sources */ = {
			isa = PBXSourcesBuildPhase;
			buildActionMask = 2147483647;
			files = (
				BA5E21FA2AAEF19B00BA194D /* UserCell.swift in Sources */,
				BA5E220E2AAF07D200BA194D /* AvatarCell.swift in Sources */,
				BA5E22032AAF047800BA194D /* ChooseAvatarViewController.swift in Sources */,
				BA5E22062AAF05C400BA194D /* ChooseAvatarViewModel.swift in Sources */,
				BA5E21D52AAEB3D400BA194D /* AppDelegate.swift in Sources */,
				BA5E221B2AAF74F900BA194D /* UserCellViewModel.swift in Sources */,
				BA5E21EB2AAEB40900BA194D /* AddUserViewController.swift in Sources */,
				BA5E21FD2AAEF58200BA194D /* AddUserViewModel.swift in Sources */,
				BA5E21F52AAED11000BA194D /* CreateUserViewController.swift in Sources */,
				BA5E21FF2AAEF7CA00BA194D /* CreateUserViewModel.swift in Sources */,
				BA5E22112AAF07F900BA194D /* AvatarCellViewModel.swift in Sources */,
			);
			runOnlyForDeploymentPostprocessing = 0;
		};
/* End PBXSourcesBuildPhase section */

/* Begin PBXVariantGroup section */
		BA5E21DF2AAEB3D700BA194D /* LaunchScreen.storyboard */ = {
			isa = PBXVariantGroup;
			children = (
				BA5E21E02AAEB3D700BA194D /* Base */,
			);
			name = LaunchScreen.storyboard;
			sourceTree = "<group>";
		};
/* End PBXVariantGroup section */

/* Begin XCBuildConfiguration section */
		BA5E21E32AAEB3D700BA194D /* Debug */ = {
			isa = XCBuildConfiguration;
			buildSettings = {
				ALWAYS_SEARCH_USER_PATHS = NO;
				CLANG_ANALYZER_NONNULL = YES;
				CLANG_ANALYZER_NUMBER_OBJECT_CONVERSION = YES_AGGRESSIVE;
				CLANG_CXX_LANGUAGE_STANDARD = "gnu++20";
				CLANG_ENABLE_MODULES = YES;
				CLANG_ENABLE_OBJC_ARC = YES;
				CLANG_ENABLE_OBJC_WEAK = YES;
				CLANG_WARN_BLOCK_CAPTURE_AUTORELEASING = YES;
				CLANG_WARN_BOOL_CONVERSION = YES;
				CLANG_WARN_COMMA = YES;
				CLANG_WARN_CONSTANT_CONVERSION = YES;
				CLANG_WARN_DEPRECATED_OBJC_IMPLEMENTATIONS = YES;
				CLANG_WARN_DIRECT_OBJC_ISA_USAGE = YES_ERROR;
				CLANG_WARN_DOCUMENTATION_COMMENTS = YES;
				CLANG_WARN_EMPTY_BODY = YES;
				CLANG_WARN_ENUM_CONVERSION = YES;
				CLANG_WARN_INFINITE_RECURSION = YES;
				CLANG_WARN_INT_CONVERSION = YES;
				CLANG_WARN_NON_LITERAL_NULL_CONVERSION = YES;
				CLANG_WARN_OBJC_IMPLICIT_RETAIN_SELF = YES;
				CLANG_WARN_OBJC_LITERAL_CONVERSION = YES;
				CLANG_WARN_OBJC_ROOT_CLASS = YES_ERROR;
				CLANG_WARN_QUOTED_INCLUDE_IN_FRAMEWORK_HEADER = YES;
				CLANG_WARN_RANGE_LOOP_ANALYSIS = YES;
				CLANG_WARN_STRICT_PROTOTYPES = YES;
				CLANG_WARN_SUSPICIOUS_MOVE = YES;
				CLANG_WARN_UNGUARDED_AVAILABILITY = YES_AGGRESSIVE;
				CLANG_WARN_UNREACHABLE_CODE = YES;
				CLANG_WARN__DUPLICATE_METHOD_MATCH = YES;
				COPY_PHASE_STRIP = NO;
				DEBUG_INFORMATION_FORMAT = dwarf;
				ENABLE_STRICT_OBJC_MSGSEND = YES;
				ENABLE_TESTABILITY = YES;
				GCC_C_LANGUAGE_STANDARD = gnu11;
				GCC_DYNAMIC_NO_PIC = NO;
				GCC_NO_COMMON_BLOCKS = YES;
				GCC_OPTIMIZATION_LEVEL = 0;
				GCC_PREPROCESSOR_DEFINITIONS = (
					"DEBUG=1",
					"$(inherited)",
				);
				GCC_WARN_64_TO_32_BIT_CONVERSION = YES;
				GCC_WARN_ABOUT_RETURN_TYPE = YES_ERROR;
				GCC_WARN_UNDECLARED_SELECTOR = YES;
				GCC_WARN_UNINITIALIZED_AUTOS = YES_AGGRESSIVE;
				GCC_WARN_UNUSED_FUNCTION = YES;
				GCC_WARN_UNUSED_VARIABLE = YES;
				IPHONEOS_DEPLOYMENT_TARGET = 16.2;
				MTL_ENABLE_DEBUG_INFO = INCLUDE_SOURCE;
				MTL_FAST_MATH = YES;
				ONLY_ACTIVE_ARCH = YES;
				SDKROOT = iphoneos;
				SWIFT_ACTIVE_COMPILATION_CONDITIONS = DEBUG;
				SWIFT_OPTIMIZATION_LEVEL = "-Onone";
			};
			name = Debug;
		};
		BA5E21E42AAEB3D700BA194D /* Release */ = {
			isa = XCBuildConfiguration;
			buildSettings = {
				ALWAYS_SEARCH_USER_PATHS = NO;
				CLANG_ANALYZER_NONNULL = YES;
				CLANG_ANALYZER_NUMBER_OBJECT_CONVERSION = YES_AGGRESSIVE;
				CLANG_CXX_LANGUAGE_STANDARD = "gnu++20";
				CLANG_ENABLE_MODULES = YES;
				CLANG_ENABLE_OBJC_ARC = YES;
				CLANG_ENABLE_OBJC_WEAK = YES;
				CLANG_WARN_BLOCK_CAPTURE_AUTORELEASING = YES;
				CLANG_WARN_BOOL_CONVERSION = YES;
				CLANG_WARN_COMMA = YES;
				CLANG_WARN_CONSTANT_CONVERSION = YES;
				CLANG_WARN_DEPRECATED_OBJC_IMPLEMENTATIONS = YES;
				CLANG_WARN_DIRECT_OBJC_ISA_USAGE = YES_ERROR;
				CLANG_WARN_DOCUMENTATION_COMMENTS = YES;
				CLANG_WARN_EMPTY_BODY = YES;
				CLANG_WARN_ENUM_CONVERSION = YES;
				CLANG_WARN_INFINITE_RECURSION = YES;
				CLANG_WARN_INT_CONVERSION = YES;
				CLANG_WARN_NON_LITERAL_NULL_CONVERSION = YES;
				CLANG_WARN_OBJC_IMPLICIT_RETAIN_SELF = YES;
				CLANG_WARN_OBJC_LITERAL_CONVERSION = YES;
				CLANG_WARN_OBJC_ROOT_CLASS = YES_ERROR;
				CLANG_WARN_QUOTED_INCLUDE_IN_FRAMEWORK_HEADER = YES;
				CLANG_WARN_RANGE_LOOP_ANALYSIS = YES;
				CLANG_WARN_STRICT_PROTOTYPES = YES;
				CLANG_WARN_SUSPICIOUS_MOVE = YES;
				CLANG_WARN_UNGUARDED_AVAILABILITY = YES_AGGRESSIVE;
				CLANG_WARN_UNREACHABLE_CODE = YES;
				CLANG_WARN__DUPLICATE_METHOD_MATCH = YES;
				COPY_PHASE_STRIP = NO;
				DEBUG_INFORMATION_FORMAT = "dwarf-with-dsym";
				ENABLE_NS_ASSERTIONS = NO;
				ENABLE_STRICT_OBJC_MSGSEND = YES;
				GCC_C_LANGUAGE_STANDARD = gnu11;
				GCC_NO_COMMON_BLOCKS = YES;
				GCC_WARN_64_TO_32_BIT_CONVERSION = YES;
				GCC_WARN_ABOUT_RETURN_TYPE = YES_ERROR;
				GCC_WARN_UNDECLARED_SELECTOR = YES;
				GCC_WARN_UNINITIALIZED_AUTOS = YES_AGGRESSIVE;
				GCC_WARN_UNUSED_FUNCTION = YES;
				GCC_WARN_UNUSED_VARIABLE = YES;
				IPHONEOS_DEPLOYMENT_TARGET = 16.2;
				MTL_ENABLE_DEBUG_INFO = NO;
				MTL_FAST_MATH = YES;
				SDKROOT = iphoneos;
				SWIFT_COMPILATION_MODE = wholemodule;
				SWIFT_OPTIMIZATION_LEVEL = "-O";
				VALIDATE_PRODUCT = YES;
			};
			name = Release;
		};
		BA5E21E62AAEB3D700BA194D /* Debug */ = {
			isa = XCBuildConfiguration;
			buildSettings = {
				ASSETCATALOG_COMPILER_APPICON_NAME = AppIcon;
				ASSETCATALOG_COMPILER_GLOBAL_ACCENT_COLOR_NAME = AccentColor;
				CODE_SIGN_STYLE = Automatic;
				CURRENT_PROJECT_VERSION = 1;
				DEVELOPMENT_TEAM = 3BK23GP2NL;
				GENERATE_INFOPLIST_FILE = YES;
				INFOPLIST_FILE = GameBling/Info.plist;
				INFOPLIST_KEY_UIApplicationSupportsIndirectInputEvents = YES;
				INFOPLIST_KEY_UILaunchStoryboardName = LaunchScreen;
				INFOPLIST_KEY_UISupportedInterfaceOrientations_iPad = "UIInterfaceOrientationPortrait UIInterfaceOrientationPortraitUpsideDown UIInterfaceOrientationLandscapeLeft UIInterfaceOrientationLandscapeRight";
				INFOPLIST_KEY_UISupportedInterfaceOrientations_iPhone = "UIInterfaceOrientationPortrait UIInterfaceOrientationLandscapeLeft UIInterfaceOrientationLandscapeRight";
				LD_RUNPATH_SEARCH_PATHS = (
					"$(inherited)",
					"@executable_path/Frameworks",
				);
				MARKETING_VERSION = 1.0;
				PRODUCT_BUNDLE_IDENTIFIER = swift.GameBling;
				PRODUCT_NAME = "$(TARGET_NAME)";
				SWIFT_EMIT_LOC_STRINGS = YES;
				SWIFT_VERSION = 5.0;
				TARGETED_DEVICE_FAMILY = "1,2";
			};
			name = Debug;
		};
		BA5E21E72AAEB3D700BA194D /* Release */ = {
			isa = XCBuildConfiguration;
			buildSettings = {
				ASSETCATALOG_COMPILER_APPICON_NAME = AppIcon;
				ASSETCATALOG_COMPILER_GLOBAL_ACCENT_COLOR_NAME = AccentColor;
				CODE_SIGN_STYLE = Automatic;
				CURRENT_PROJECT_VERSION = 1;
				DEVELOPMENT_TEAM = 3BK23GP2NL;
				GENERATE_INFOPLIST_FILE = YES;
				INFOPLIST_FILE = GameBling/Info.plist;
				INFOPLIST_KEY_UIApplicationSupportsIndirectInputEvents = YES;
				INFOPLIST_KEY_UILaunchStoryboardName = LaunchScreen;
				INFOPLIST_KEY_UISupportedInterfaceOrientations_iPad = "UIInterfaceOrientationPortrait UIInterfaceOrientationPortraitUpsideDown UIInterfaceOrientationLandscapeLeft UIInterfaceOrientationLandscapeRight";
				INFOPLIST_KEY_UISupportedInterfaceOrientations_iPhone = "UIInterfaceOrientationPortrait UIInterfaceOrientationLandscapeLeft UIInterfaceOrientationLandscapeRight";
				LD_RUNPATH_SEARCH_PATHS = (
					"$(inherited)",
					"@executable_path/Frameworks",
				);
				MARKETING_VERSION = 1.0;
				PRODUCT_BUNDLE_IDENTIFIER = swift.GameBling;
				PRODUCT_NAME = "$(TARGET_NAME)";
				SWIFT_EMIT_LOC_STRINGS = YES;
				SWIFT_VERSION = 5.0;
				TARGETED_DEVICE_FAMILY = "1,2";
			};
			name = Release;
		};
/* End XCBuildConfiguration section */

/* Begin XCConfigurationList section */
		BA5E21CC2AAEB3D400BA194D /* Build configuration list for PBXProject "GameBling" */ = {
			isa = XCConfigurationList;
			buildConfigurations = (
				BA5E21E32AAEB3D700BA194D /* Debug */,
				BA5E21E42AAEB3D700BA194D /* Release */,
			);
			defaultConfigurationIsVisible = 0;
			defaultConfigurationName = Release;
		};
		BA5E21E52AAEB3D700BA194D /* Build configuration list for PBXNativeTarget "GameBling" */ = {
			isa = XCConfigurationList;
			buildConfigurations = (
				BA5E21E62AAEB3D700BA194D /* Debug */,
				BA5E21E72AAEB3D700BA194D /* Release */,
			);
			defaultConfigurationIsVisible = 0;
			defaultConfigurationName = Release;
		};
/* End XCConfigurationList section */
	};
	rootObject = BA5E21C92AAEB3D400BA194D /* Project object */;
}
